{
  "name": "api",
  "version": "0.0.1",
  "lockfileVersion": 1,
  "requires": true,
  "dependencies": {
    "@nestjs/platform-ws": {
      "version": "10.3.8",
      "resolved": "https://registry.npmjs.org/@nestjs/platform-ws/-/platform-ws-10.3.8.tgz",
      "integrity": "sha512-IcKfGiv0T8ER8hw5+NW1FymxOg01oKKO8lFnFUYqJhlUpWpDc/LI0ktSOyZDT3X2cEMxKVHlSWj0170aluj8Dw==",
      "requires": {
        "tslib": "2.6.2",
        "ws": "8.16.0"
      }
    },
    "tslib": {
      "version": "2.6.2",
      "resolved": "https://registry.npmjs.org/tslib/-/tslib-2.6.2.tgz",
      "integrity": "sha512-AEYxH93jGFPn/a2iVAwW87VuUIkR1FVUKB77NwMF7nBTDkDrrT/Hpt/IrCJ0QXhW27jTBDcf5ZY7w6RiqTMw2Q=="
    },
    "ws": {
      "version": "8.16.0",
      "resolved": "https://registry.npmjs.org/ws/-/ws-8.16.0.tgz",
      "integrity": "sha512-HS0c//TP7Ina87TfiPUz1rQzMhHrl/SG2guqRcTOIUYD2q8uhUdNHZYJUaQ8aTGPzCh+c6oawMKW35nFl1dxyQ=="
    }
  }
}
